
Microsoft Visual Studio Solution File, Format Version 12.00
# Visual Studio Version 16
VisualStudioVersion = 16.0.29709.97
MinimumVisualStudioVersion = 15.0.26124.0
Project("{9A19103F-16F7-4668-BE54-9A1E7A4F7556}") = "vtb.Testing.Rest", "vtb.Testing.Rest\vtb.Testing.Rest.csproj", "{751EECBB-7714-4725-A5AD-776C7553DD07}"
EndProject
Global
	GlobalSection(SolutionConfigurationPlatforms) = preSolution
		Debug|Any CPU = Debug|Any CPU
		Debug|x64 = Debug|x64
		Debug|x86 = Debug|x86
		Release|Any CPU = Release|Any CPU
		Release|x64 = Release|x64
		Release|x86 = Release|x86
	EndGlobalSection
	GlobalSection(ProjectConfigurationPlatforms) = postSolution
		{751EECBB-7714-4725-A5AD-776C7553DD07}.Debug|Any CPU.ActiveCfg = Debug|Any CPU
		{751EECBB-7714-4725-A5AD-776C7553DD07}.Debug|Any CPU.Build.0 = Debug|Any CPU
		{751EECBB-7714-4725-A5AD-776C7553DD07}.Debug|x64.ActiveCfg = Debug|Any CPU
		{751EECBB-7714-4725-A5AD-776C7553DD07}.Debug|x64.Build.0 = Debug|Any CPU
		{751EECBB-7714-4725-A5AD-776C7553DD07}.Debug|x86.ActiveCfg = Debug|Any CPU
		{751EECBB-7714-4725-A5AD-776C7553DD07}.Debug|x86.Build.0 = Debug|Any CPU
		{751EECBB-7714-4725-A5AD-776C7553DD07}.Release|Any CPU.ActiveCfg = Release|Any CPU
		{751EECBB-7714-4725-A5AD-776C7553DD07}.Release|Any CPU.Build.0 = Release|Any CPU
		{751EECBB-7714-4725-A5AD-776C7553DD07}.Release|x64.ActiveCfg = Release|Any CPU
		{751EECBB-7714-4725-A5AD-776C7553DD07}.Release|x64.Build.0 = Release|Any CPU
		{751EECBB-7714-4725-A5AD-776C7553DD07}.Release|x86.ActiveCfg = Release|Any CPU
		{751EECBB-7714-4725-A5AD-776C7553DD07}.Release|x86.Build.0 = Release|Any CPU
	EndGlobalSection
	GlobalSection(SolutionProperties) = preSolution
		HideSolutionNode = FALSE
	EndGlobalSection
	GlobalSection(ExtensibilityGlobals) = postSolution
		SolutionGuid = {E1DB3CC3-2C57-472B-AD4C-94934DC0D408}
	EndGlobalSection
EndGlobal
